
Microsoft Visual Studio Solution File, Format Version 12.00
# Visual Studio Version 17
VisualStudioVersion = 17.5.002.0
MinimumVisualStudioVersion = 10.0.40219.1
Project("{9A19103F-16F7-4668-BE54-9A1E7A4F7556}") = "LabsC#", "LabsC#\LabsC#.csproj", "{B215EB5A-5EB0-431E-968C-7FDBBB58F145}"
EndProject
Project("{2150E333-8FDC-42A3-9474-1A3956D46DE8}") = "LabsC# (1)", "LabsC#", "{BBB033F2-9380-46DF-BEEC-9ABC681CA75D}"
EndProject
Project("{9A19103F-16F7-4668-BE54-9A1E7A4F7556}") = "EjemploCaptura", "LabsC#\EjemploCaptura\EjemploCaptura.csproj", "{43C42A6C-6711-4369-A94C-80CA8AFA1962}"
EndProject
Project("{9A19103F-16F7-4668-BE54-9A1E7A4F7556}") = "EjemploSeleccionDoble", "LabsC#\EjemploSeleccionDoble\EjemploSeleccionDoble.csproj", "{60D85170-588B-4282-B0C1-F43F55C5A155}"
EndProject
Project("{9A19103F-16F7-4668-BE54-9A1E7A4F7556}") = "EjemplosMatematicos", "LabsC#\EjemplosMatematicos\EjemplosMatematicos.csproj", "{CA6185DE-1531-46BF-A8AB-B74381A72578}"
EndProject
Project("{9A19103F-16F7-4668-BE54-9A1E7A4F7556}") = "EjemplosSeleccionSimple", "LabsC#\EjemplosSeleccionSimple\EjemplosSeleccionSimple.csproj", "{13D5790B-C1E1-4E43-AA1D-BAB7E165F461}"
EndProject
Project("{9A19103F-16F7-4668-BE54-9A1E7A4F7556}") = "EjemplosSeleccionSimple2", "LabsC#\EjemplosSeleccionSimple2\EjemplosSeleccionSimple2.csproj", "{60FFF2A7-97DC-481B-87DA-3CCC33F449A4}"
EndProject
Project("{9A19103F-16F7-4668-BE54-9A1E7A4F7556}") = "EjemplosVariables", "LabsC#\EjemplosVariables\EjemplosVariables.csproj", "{B8822F2A-AA9F-43A4-8B4C-58035BC42EE9}"
EndProject
Project("{9A19103F-16F7-4668-BE54-9A1E7A4F7556}") = "EstructurasSeleccionAnidadas", "LabsC#\EstructurasSeleccionAnidadas\EstructurasSeleccionAnidadas.csproj", "{B112E46D-1FE8-4E97-9B2F-9B41A00AF283}"
EndProject
Project("{9A19103F-16F7-4668-BE54-9A1E7A4F7556}") = "ExpresionesLogicasCompuestas", "LabsC#\ExpresionesLogicasCompuestas\ExpresionesLogicasCompuestas.csproj", "{4A131F4E-44DF-40A8-9582-860F9C0F0CC7}"
EndProject
Project("{9A19103F-16F7-4668-BE54-9A1E7A4F7556}") = "HelloWorld.cs", "LabsC#\HelloWorld.cs\HelloWorld.cs.csproj", "{3C79D942-508E-4317-9A7F-11DA842DA538}"
EndProject
Project("{9A19103F-16F7-4668-BE54-9A1E7A4F7556}") = "Mod04Act01", "LabsC#\Mod04Act01\Mod04Act01.csproj", "{159337F3-0DFB-4F5F-90A8-0091D7D782B6}"
EndProject
Project("{9A19103F-16F7-4668-BE54-9A1E7A4F7556}") = "Mod04Act04", "LabsC#\Mod04Act04\Mod04Act04.csproj", "{840E4AEF-F017-41DD-90BE-2868D26AE233}"
EndProject
Project("{9A19103F-16F7-4668-BE54-9A1E7A4F7556}") = "Mod05Act02CicloFor", "LabsC#\Mod05Act02CicloFor\Mod05Act02CicloFor.csproj", "{48AA44EE-8D70-434B-AF02-81C28C5AF8C2}"
EndProject
Project("{9A19103F-16F7-4668-BE54-9A1E7A4F7556}") = "Mod05Act03CicloWhile", "LabsC#\Mod05Act03CicloWhile\Mod05Act03CicloWhile.csproj", "{C818CF99-6286-4EEE-905E-707296C361A1}"
EndProject
Project("{9A19103F-16F7-4668-BE54-9A1E7A4F7556}") = "Mod05Act04While", "LabsC#\Mod05Act04While\Mod05Act04While.csproj", "{FF7E9435-8A07-408B-A7CA-6DB26BC971D9}"
EndProject
Project("{9A19103F-16F7-4668-BE54-9A1E7A4F7556}") = "Test", "LabsC#\Test\Test.csproj", "{F4BC1B43-2B54-406F-8E6C-6B03EF1B546A}"
EndProject
Global
	GlobalSection(SolutionConfigurationPlatforms) = preSolution
		Debug|Any CPU = Debug|Any CPU
		Release|Any CPU = Release|Any CPU
	EndGlobalSection
	GlobalSection(ProjectConfigurationPlatforms) = postSolution
		{B215EB5A-5EB0-431E-968C-7FDBBB58F145}.Debug|Any CPU.ActiveCfg = Debug|Any CPU
		{B215EB5A-5EB0-431E-968C-7FDBBB58F145}.Debug|Any CPU.Build.0 = Debug|Any CPU
		{B215EB5A-5EB0-431E-968C-7FDBBB58F145}.Release|Any CPU.ActiveCfg = Release|Any CPU
		{B215EB5A-5EB0-431E-968C-7FDBBB58F145}.Release|Any CPU.Build.0 = Release|Any CPU
		{43C42A6C-6711-4369-A94C-80CA8AFA1962}.Debug|Any CPU.ActiveCfg = Debug|Any CPU
		{43C42A6C-6711-4369-A94C-80CA8AFA1962}.Debug|Any CPU.Build.0 = Debug|Any CPU
		{43C42A6C-6711-4369-A94C-80CA8AFA1962}.Release|Any CPU.ActiveCfg = Release|Any CPU
		{43C42A6C-6711-4369-A94C-80CA8AFA1962}.Release|Any CPU.Build.0 = Release|Any CPU
		{60D85170-588B-4282-B0C1-F43F55C5A155}.Debug|Any CPU.ActiveCfg = Debug|Any CPU
		{60D85170-588B-4282-B0C1-F43F55C5A155}.Debug|Any CPU.Build.0 = Debug|Any CPU
		{60D85170-588B-4282-B0C1-F43F55C5A155}.Release|Any CPU.ActiveCfg = Release|Any CPU
		{60D85170-588B-4282-B0C1-F43F55C5A155}.Release|Any CPU.Build.0 = Release|Any CPU
		{CA6185DE-1531-46BF-A8AB-B74381A72578}.Debug|Any CPU.ActiveCfg = Debug|Any CPU
		{CA6185DE-1531-46BF-A8AB-B74381A72578}.Debug|Any CPU.Build.0 = Debug|Any CPU
		{CA6185DE-1531-46BF-A8AB-B74381A72578}.Release|Any CPU.ActiveCfg = Release|Any CPU
		{CA6185DE-1531-46BF-A8AB-B74381A72578}.Release|Any CPU.Build.0 = Release|Any CPU
		{13D5790B-C1E1-4E43-AA1D-BAB7E165F461}.Debug|Any CPU.ActiveCfg = Debug|Any CPU
		{13D5790B-C1E1-4E43-AA1D-BAB7E165F461}.Debug|Any CPU.Build.0 = Debug|Any CPU
		{13D5790B-C1E1-4E43-AA1D-BAB7E165F461}.Release|Any CPU.ActiveCfg = Release|Any CPU
		{13D5790B-C1E1-4E43-AA1D-BAB7E165F461}.Release|Any CPU.Build.0 = Release|Any CPU
		{60FFF2A7-97DC-481B-87DA-3CCC33F449A4}.Debug|Any CPU.ActiveCfg = Debug|Any CPU
		{60FFF2A7-97DC-481B-87DA-3CCC33F449A4}.Debug|Any CPU.Build.0 = Debug|Any CPU
		{60FFF2A7-97DC-481B-87DA-3CCC33F449A4}.Release|Any CPU.ActiveCfg = Release|Any CPU
		{60FFF2A7-97DC-481B-87DA-3CCC33F449A4}.Release|Any CPU.Build.0 = Release|Any CPU
		{B8822F2A-AA9F-43A4-8B4C-58035BC42EE9}.Debug|Any CPU.ActiveCfg = Debug|Any CPU
		{B8822F2A-AA9F-43A4-8B4C-58035BC42EE9}.Debug|Any CPU.Build.0 = Debug|Any CPU
		{B8822F2A-AA9F-43A4-8B4C-58035BC42EE9}.Release|Any CPU.ActiveCfg = Release|Any CPU
		{B8822F2A-AA9F-43A4-8B4C-58035BC42EE9}.Release|Any CPU.Build.0 = Release|Any CPU
		{B112E46D-1FE8-4E97-9B2F-9B41A00AF283}.Debug|Any CPU.ActiveCfg = Debug|Any CPU
		{B112E46D-1FE8-4E97-9B2F-9B41A00AF283}.Debug|Any CPU.Build.0 = Debug|Any CPU
		{B112E46D-1FE8-4E97-9B2F-9B41A00AF283}.Release|Any CPU.ActiveCfg = Release|Any CPU
		{B112E46D-1FE8-4E97-9B2F-9B41A00AF283}.Release|Any CPU.Build.0 = Release|Any CPU
		{4A131F4E-44DF-40A8-9582-860F9C0F0CC7}.Debug|Any CPU.ActiveCfg = Debug|Any CPU
		{4A131F4E-44DF-40A8-9582-860F9C0F0CC7}.Debug|Any CPU.Build.0 = Debug|Any CPU
		{4A131F4E-44DF-40A8-9582-860F9C0F0CC7}.Release|Any CPU.ActiveCfg = Release|Any CPU
		{4A131F4E-44DF-40A8-9582-860F9C0F0CC7}.Release|Any CPU.Build.0 = Release|Any CPU
		{3C79D942-508E-4317-9A7F-11DA842DA538}.Debug|Any CPU.ActiveCfg = Debug|Any CPU
		{3C79D942-508E-4317-9A7F-11DA842DA538}.Debug|Any CPU.Build.0 = Debug|Any CPU
		{3C79D942-508E-4317-9A7F-11DA842DA538}.Release|Any CPU.ActiveCfg = Release|Any CPU
		{3C79D942-508E-4317-9A7F-11DA842DA538}.Release|Any CPU.Build.0 = Release|Any CPU
		{159337F3-0DFB-4F5F-90A8-0091D7D782B6}.Debug|Any CPU.ActiveCfg = Debug|Any CPU
		{159337F3-0DFB-4F5F-90A8-0091D7D782B6}.Debug|Any CPU.Build.0 = Debug|Any CPU
		{159337F3-0DFB-4F5F-90A8-0091D7D782B6}.Release|Any CPU.ActiveCfg = Release|Any CPU
		{159337F3-0DFB-4F5F-90A8-0091D7D782B6}.Release|Any CPU.Build.0 = Release|Any CPU
		{840E4AEF-F017-41DD-90BE-2868D26AE233}.Debug|Any CPU.ActiveCfg = Debug|Any CPU
		{840E4AEF-F017-41DD-90BE-2868D26AE233}.Debug|Any CPU.Build.0 = Debug|Any CPU
		{840E4AEF-F017-41DD-90BE-2868D26AE233}.Release|Any CPU.ActiveCfg = Release|Any CPU
		{840E4AEF-F017-41DD-90BE-2868D26AE233}.Release|Any CPU.Build.0 = Release|Any CPU
		{48AA44EE-8D70-434B-AF02-81C28C5AF8C2}.Debug|Any CPU.ActiveCfg = Debug|Any CPU
		{48AA44EE-8D70-434B-AF02-81C28C5AF8C2}.Debug|Any CPU.Build.0 = Debug|Any CPU
		{48AA44EE-8D70-434B-AF02-81C28C5AF8C2}.Release|Any CPU.ActiveCfg = Release|Any CPU
		{48AA44EE-8D70-434B-AF02-81C28C5AF8C2}.Release|Any CPU.Build.0 = Release|Any CPU
		{C818CF99-6286-4EEE-905E-707296C361A1}.Debug|Any CPU.ActiveCfg = Debug|Any CPU
		{C818CF99-6286-4EEE-905E-707296C361A1}.Debug|Any CPU.Build.0 = Debug|Any CPU
		{C818CF99-6286-4EEE-905E-707296C361A1}.Release|Any CPU.ActiveCfg = Release|Any CPU
		{C818CF99-6286-4EEE-905E-707296C361A1}.Release|Any CPU.Build.0 = Release|Any CPU
		{FF7E9435-8A07-408B-A7CA-6DB26BC971D9}.Debug|Any CPU.ActiveCfg = Debug|Any CPU
		{FF7E9435-8A07-408B-A7CA-6DB26BC971D9}.Debug|Any CPU.Build.0 = Debug|Any CPU
		{FF7E9435-8A07-408B-A7CA-6DB26BC971D9}.Release|Any CPU.ActiveCfg = Release|Any CPU
		{FF7E9435-8A07-408B-A7CA-6DB26BC971D9}.Release|Any CPU.Build.0 = Release|Any CPU
		{F4BC1B43-2B54-406F-8E6C-6B03EF1B546A}.Debug|Any CPU.ActiveCfg = Debug|Any CPU
		{F4BC1B43-2B54-406F-8E6C-6B03EF1B546A}.Debug|Any CPU.Build.0 = Debug|Any CPU
		{F4BC1B43-2B54-406F-8E6C-6B03EF1B546A}.Release|Any CPU.ActiveCfg = Release|Any CPU
		{F4BC1B43-2B54-406F-8E6C-6B03EF1B546A}.Release|Any CPU.Build.0 = Release|Any CPU
	EndGlobalSection
	GlobalSection(SolutionProperties) = preSolution
		HideSolutionNode = FALSE
	EndGlobalSection
	GlobalSection(NestedProjects) = preSolution
		{43C42A6C-6711-4369-A94C-80CA8AFA1962} = {BBB033F2-9380-46DF-BEEC-9ABC681CA75D}
		{60D85170-588B-4282-B0C1-F43F55C5A155} = {BBB033F2-9380-46DF-BEEC-9ABC681CA75D}
		{CA6185DE-1531-46BF-A8AB-B74381A72578} = {BBB033F2-9380-46DF-BEEC-9ABC681CA75D}
		{13D5790B-C1E1-4E43-AA1D-BAB7E165F461} = {BBB033F2-9380-46DF-BEEC-9ABC681CA75D}
		{60FFF2A7-97DC-481B-87DA-3CCC33F449A4} = {BBB033F2-9380-46DF-BEEC-9ABC681CA75D}
		{B8822F2A-AA9F-43A4-8B4C-58035BC42EE9} = {BBB033F2-9380-46DF-BEEC-9ABC681CA75D}
		{B112E46D-1FE8-4E97-9B2F-9B41A00AF283} = {BBB033F2-9380-46DF-BEEC-9ABC681CA75D}
		{4A131F4E-44DF-40A8-9582-860F9C0F0CC7} = {BBB033F2-9380-46DF-BEEC-9ABC681CA75D}
		{3C79D942-508E-4317-9A7F-11DA842DA538} = {BBB033F2-9380-46DF-BEEC-9ABC681CA75D}
		{159337F3-0DFB-4F5F-90A8-0091D7D782B6} = {BBB033F2-9380-46DF-BEEC-9ABC681CA75D}
		{840E4AEF-F017-41DD-90BE-2868D26AE233} = {BBB033F2-9380-46DF-BEEC-9ABC681CA75D}
		{48AA44EE-8D70-434B-AF02-81C28C5AF8C2} = {BBB033F2-9380-46DF-BEEC-9ABC681CA75D}
		{C818CF99-6286-4EEE-905E-707296C361A1} = {BBB033F2-9380-46DF-BEEC-9ABC681CA75D}
		{FF7E9435-8A07-408B-A7CA-6DB26BC971D9} = {BBB033F2-9380-46DF-BEEC-9ABC681CA75D}
		{F4BC1B43-2B54-406F-8E6C-6B03EF1B546A} = {BBB033F2-9380-46DF-BEEC-9ABC681CA75D}
	EndGlobalSection
	GlobalSection(ExtensibilityGlobals) = postSolution
		SolutionGuid = {BA9091D2-E0E6-4328-8DAD-FE012892FC4C}
	EndGlobalSection
EndGlobal
